
Microsoft Visual Studio Solution File, Format Version 12.00
# TcXaeShell Solution File, Format Version 11.00
VisualStudioVersion = 17.10.35827.194
MinimumVisualStudioVersion = 10.0.40219.1
Project("{B1E792BE-AA5F-4E3C-8C82-674BF9C0715B}") = "ReceipeManager", "ReceipeManager.tsproj", "{83CA83D1-98F6-4124-B27C-7CB7A147A93F}"
EndProject
Global
	GlobalSection(SolutionConfigurationPlatforms) = preSolution
		Debug|TwinCAT OS (ARMV7-A) = Debug|TwinCAT OS (ARMV7-A)
		Debug|TwinCAT OS (ARMV7-M) = Debug|TwinCAT OS (ARMV7-M)
		Debug|TwinCAT OS (ARMV8-A) = Debug|TwinCAT OS (ARMV8-A)
		Debug|TwinCAT OS (x64) = Debug|TwinCAT OS (x64)
		Debug|TwinCAT OS (x64-E) = Debug|TwinCAT OS (x64-E)
		Debug|TwinCAT RT (x64) = Debug|TwinCAT RT (x64)
		Debug|TwinCAT RT (x86) = Debug|TwinCAT RT (x86)
		Release|TwinCAT OS (ARMV7-A) = Release|TwinCAT OS (ARMV7-A)
		Release|TwinCAT OS (ARMV7-M) = Release|TwinCAT OS (ARMV7-M)
		Release|TwinCAT OS (ARMV8-A) = Release|TwinCAT OS (ARMV8-A)
		Release|TwinCAT OS (x64) = Release|TwinCAT OS (x64)
		Release|TwinCAT OS (x64-E) = Release|TwinCAT OS (x64-E)
		Release|TwinCAT RT (x64) = Release|TwinCAT RT (x64)
		Release|TwinCAT RT (x86) = Release|TwinCAT RT (x86)
	EndGlobalSection
	GlobalSection(ProjectConfigurationPlatforms) = postSolution
		{83CA83D1-98F6-4124-B27C-7CB7A147A93F}.Debug|TwinCAT OS (ARMV7-A).ActiveCfg = Debug|TwinCAT OS (ARMV7-A)
		{83CA83D1-98F6-4124-B27C-7CB7A147A93F}.Debug|TwinCAT OS (ARMV7-A).Build.0 = Debug|TwinCAT OS (ARMV7-A)
		{83CA83D1-98F6-4124-B27C-7CB7A147A93F}.Debug|TwinCAT OS (ARMV7-M).ActiveCfg = Debug|TwinCAT OS (ARMV7-M)
		{83CA83D1-98F6-4124-B27C-7CB7A147A93F}.Debug|TwinCAT OS (ARMV7-M).Build.0 = Debug|TwinCAT OS (ARMV7-M)
		{83CA83D1-98F6-4124-B27C-7CB7A147A93F}.Debug|TwinCAT OS (ARMV8-A).ActiveCfg = Debug|TwinCAT OS (ARMV8-A)
		{83CA83D1-98F6-4124-B27C-7CB7A147A93F}.Debug|TwinCAT OS (ARMV8-A).Build.0 = Debug|TwinCAT OS (ARMV8-A)
		{83CA83D1-98F6-4124-B27C-7CB7A147A93F}.Debug|TwinCAT OS (x64).ActiveCfg = Debug|TwinCAT OS (x64)
		{83CA83D1-98F6-4124-B27C-7CB7A147A93F}.Debug|TwinCAT OS (x64).Build.0 = Debug|TwinCAT OS (x64)
		{83CA83D1-98F6-4124-B27C-7CB7A147A93F}.Debug|TwinCAT OS (x64-E).ActiveCfg = Debug|TwinCAT OS (x64-E)
		{83CA83D1-98F6-4124-B27C-7CB7A147A93F}.Debug|TwinCAT OS (x64-E).Build.0 = Debug|TwinCAT OS (x64-E)
		{83CA83D1-98F6-4124-B27C-7CB7A147A93F}.Debug|TwinCAT RT (x64).ActiveCfg = Debug|TwinCAT RT (x64)
		{83CA83D1-98F6-4124-B27C-7CB7A147A93F}.Debug|TwinCAT RT (x64).Build.0 = Debug|TwinCAT RT (x64)
		{83CA83D1-98F6-4124-B27C-7CB7A147A93F}.Debug|TwinCAT RT (x86).ActiveCfg = Debug|TwinCAT RT (x86)
		{83CA83D1-98F6-4124-B27C-7CB7A147A93F}.Debug|TwinCAT RT (x86).Build.0 = Debug|TwinCAT RT (x86)
		{83CA83D1-98F6-4124-B27C-7CB7A147A93F}.Release|TwinCAT OS (ARMV7-A).ActiveCfg = Release|TwinCAT OS (ARMV7-A)
		{83CA83D1-98F6-4124-B27C-7CB7A147A93F}.Release|TwinCAT OS (ARMV7-A).Build.0 = Release|TwinCAT OS (ARMV7-A)
		{83CA83D1-98F6-4124-B27C-7CB7A147A93F}.Release|TwinCAT OS (ARMV7-M).ActiveCfg = Release|TwinCAT OS (ARMV7-M)
		{83CA83D1-98F6-4124-B27C-7CB7A147A93F}.Release|TwinCAT OS (ARMV7-M).Build.0 = Release|TwinCAT OS (ARMV7-M)
		{83CA83D1-98F6-4124-B27C-7CB7A147A93F}.Release|TwinCAT OS (ARMV8-A).ActiveCfg = Release|TwinCAT OS (ARMV8-A)
		{83CA83D1-98F6-4124-B27C-7CB7A147A93F}.Release|TwinCAT OS (ARMV8-A).Build.0 = Release|TwinCAT OS (ARMV8-A)
		{83CA83D1-98F6-4124-B27C-7CB7A147A93F}.Release|TwinCAT OS (x64).ActiveCfg = Release|TwinCAT OS (x64)
		{83CA83D1-98F6-4124-B27C-7CB7A147A93F}.Release|TwinCAT OS (x64).Build.0 = Release|TwinCAT OS (x64)
		{83CA83D1-98F6-4124-B27C-7CB7A147A93F}.Release|TwinCAT OS (x64-E).ActiveCfg = Release|TwinCAT OS (x64-E)
		{83CA83D1-98F6-4124-B27C-7CB7A147A93F}.Release|TwinCAT OS (x64-E).Build.0 = Release|TwinCAT OS (x64-E)
		{83CA83D1-98F6-4124-B27C-7CB7A147A93F}.Release|TwinCAT RT (x64).ActiveCfg = Release|TwinCAT RT (x64)
		{83CA83D1-98F6-4124-B27C-7CB7A147A93F}.Release|TwinCAT RT (x64).Build.0 = Release|TwinCAT RT (x64)
		{83CA83D1-98F6-4124-B27C-7CB7A147A93F}.Release|TwinCAT RT (x86).ActiveCfg = Release|TwinCAT RT (x86)
		{83CA83D1-98F6-4124-B27C-7CB7A147A93F}.Release|TwinCAT RT (x86).Build.0 = Release|TwinCAT RT (x86)
		{EF181F24-CCD0-4E64-A1F8-E211941520D5}.Debug|TwinCAT OS (ARMV7-A).ActiveCfg = Debug|TwinCAT OS (ARMV7-A)
		{EF181F24-CCD0-4E64-A1F8-E211941520D5}.Debug|TwinCAT OS (ARMV7-A).Build.0 = Debug|TwinCAT OS (ARMV7-A)
		{EF181F24-CCD0-4E64-A1F8-E211941520D5}.Debug|TwinCAT OS (ARMV7-M).ActiveCfg = Debug|TwinCAT OS (ARMV7-M)
		{EF181F24-CCD0-4E64-A1F8-E211941520D5}.Debug|TwinCAT OS (ARMV7-M).Build.0 = Debug|TwinCAT OS (ARMV7-M)
		{EF181F24-CCD0-4E64-A1F8-E211941520D5}.Debug|TwinCAT OS (ARMV8-A).ActiveCfg = Debug|TwinCAT OS (ARMV8-A)
		{EF181F24-CCD0-4E64-A1F8-E211941520D5}.Debug|TwinCAT OS (ARMV8-A).Build.0 = Debug|TwinCAT OS (ARMV8-A)
		{EF181F24-CCD0-4E64-A1F8-E211941520D5}.Debug|TwinCAT OS (x64).ActiveCfg = Debug|TwinCAT OS (x64)
		{EF181F24-CCD0-4E64-A1F8-E211941520D5}.Debug|TwinCAT OS (x64).Build.0 = Debug|TwinCAT OS (x64)
		{EF181F24-CCD0-4E64-A1F8-E211941520D5}.Debug|TwinCAT OS (x64-E).ActiveCfg = Debug|TwinCAT OS (x64-E)
		{EF181F24-CCD0-4E64-A1F8-E211941520D5}.Debug|TwinCAT OS (x64-E).Build.0 = Debug|TwinCAT OS (x64-E)
		{EF181F24-CCD0-4E64-A1F8-E211941520D5}.Debug|TwinCAT RT (x64).ActiveCfg = Debug|TwinCAT RT (x64)
		{EF181F24-CCD0-4E64-A1F8-E211941520D5}.Debug|TwinCAT RT (x64).Build.0 = Debug|TwinCAT RT (x64)
		{EF181F24-CCD0-4E64-A1F8-E211941520D5}.Debug|TwinCAT RT (x86).ActiveCfg = Debug|TwinCAT RT (x86)
		{EF181F24-CCD0-4E64-A1F8-E211941520D5}.Debug|TwinCAT RT (x86).Build.0 = Debug|TwinCAT RT (x86)
		{EF181F24-CCD0-4E64-A1F8-E211941520D5}.Release|TwinCAT OS (ARMV7-A).ActiveCfg = Release|TwinCAT OS (ARMV7-A)
		{EF181F24-CCD0-4E64-A1F8-E211941520D5}.Release|TwinCAT OS (ARMV7-A).Build.0 = Release|TwinCAT OS (ARMV7-A)
		{EF181F24-CCD0-4E64-A1F8-E211941520D5}.Release|TwinCAT OS (ARMV7-M).ActiveCfg = Release|TwinCAT OS (ARMV7-M)
		{EF181F24-CCD0-4E64-A1F8-E211941520D5}.Release|TwinCAT OS (ARMV7-M).Build.0 = Release|TwinCAT OS (ARMV7-M)
		{EF181F24-CCD0-4E64-A1F8-E211941520D5}.Release|TwinCAT OS (ARMV8-A).ActiveCfg = Release|TwinCAT OS (ARMV8-A)
		{EF181F24-CCD0-4E64-A1F8-E211941520D5}.Release|TwinCAT OS (ARMV8-A).Build.0 = Release|TwinCAT OS (ARMV8-A)
		{EF181F24-CCD0-4E64-A1F8-E211941520D5}.Release|TwinCAT OS (x64).ActiveCfg = Release|TwinCAT OS (x64)
		{EF181F24-CCD0-4E64-A1F8-E211941520D5}.Release|TwinCAT OS (x64).Build.0 = Release|TwinCAT OS (x64)
		{EF181F24-CCD0-4E64-A1F8-E211941520D5}.Release|TwinCAT OS (x64-E).ActiveCfg = Release|TwinCAT OS (x64-E)
		{EF181F24-CCD0-4E64-A1F8-E211941520D5}.Release|TwinCAT OS (x64-E).Build.0 = Release|TwinCAT OS (x64-E)
		{EF181F24-CCD0-4E64-A1F8-E211941520D5}.Release|TwinCAT RT (x64).ActiveCfg = Release|TwinCAT RT (x64)
		{EF181F24-CCD0-4E64-A1F8-E211941520D5}.Release|TwinCAT RT (x64).Build.0 = Release|TwinCAT RT (x64)
		{EF181F24-CCD0-4E64-A1F8-E211941520D5}.Release|TwinCAT RT (x86).ActiveCfg = Release|TwinCAT RT (x86)
		{EF181F24-CCD0-4E64-A1F8-E211941520D5}.Release|TwinCAT RT (x86).Build.0 = Release|TwinCAT RT (x86)
	EndGlobalSection
	GlobalSection(SolutionProperties) = preSolution
		HideSolutionNode = FALSE
	EndGlobalSection
	GlobalSection(ExtensibilityGlobals) = postSolution
		SolutionGuid = {8F0F0E0A-FC91-4994-9DDA-104FC5E23AE0}
	EndGlobalSection
EndGlobal
